
Microsoft Visual Studio Solution File, Format Version 12.00
# Visual Studio 15
VisualStudioVersion = 15.0.27130.2027
MinimumVisualStudioVersion = 10.0.40219.1
Project("{FAE04EC0-301F-11D3-BF4B-00C04F79EFBC}") = "CustomVisionTreeClassifier", "CustomVisionTreeClassifier\CustomVisionTreeClassifier.csproj", "{A8EBF6FC-731C-42B9-8DCD-84213FDC2248}"
EndProject
Global
	GlobalSection(SolutionConfigurationPlatforms) = preSolution
		Debug|Any CPU = Debug|Any CPU
		Release|Any CPU = Release|Any CPU
	EndGlobalSection
	GlobalSection(ProjectConfigurationPlatforms) = postSolution
		{A8EBF6FC-731C-42B9-8DCD-84213FDC2248}.Debug|Any CPU.ActiveCfg = Debug|Any CPU
		{A8EBF6FC-731C-42B9-8DCD-84213FDC2248}.Debug|Any CPU.Build.0 = Debug|Any CPU
		{A8EBF6FC-731C-42B9-8DCD-84213FDC2248}.Release|Any CPU.ActiveCfg = Release|Any CPU
		{A8EBF6FC-731C-42B9-8DCD-84213FDC2248}.Release|Any CPU.Build.0 = Release|Any CPU
	EndGlobalSection
	GlobalSection(SolutionProperties) = preSolution
		HideSolutionNode = FALSE
	EndGlobalSection
	GlobalSection(ExtensibilityGlobals) = postSolution
		SolutionGuid = {8B0F6DA9-EB60-4898-B117-1C6DC83F1878}
	EndGlobalSection
EndGlobal
